
Microsoft Visual Studio Solution File, Format Version 12.00
# Visual Studio 15
Project("{FAE04EC0-301F-11D3-BF4B-00C04F79EFBC}") = "HtmlLinkLabel.Android", "HtmlLinkLabel.Android\HtmlLinkLabel.Android.csproj", "{7BBD93B7-21C3-479F-B6A2-73052F575C2F}"
EndProject
Project("{FAE04EC0-301F-11D3-BF4B-00C04F79EFBC}") = "HtmlLinkLabel.iOS", "HtmlLinkLabel.iOS\HtmlLinkLabel.iOS.csproj", "{24011923-7755-42E2-B323-A11C4123A718}"
EndProject
Project("{FAE04EC0-301F-11D3-BF4B-00C04F79EFBC}") = "HtmlLinkLabel", "HtmlLinkLabel\HtmlLinkLabel.csproj", "{7DCCB9BD-4776-4D77-AFCC-95837026C299}"
EndProject
Global
	GlobalSection(SolutionConfigurationPlatforms) = preSolution
		Debug|Any CPU = Debug|Any CPU
		Release|Any CPU = Release|Any CPU
		Debug|iPhoneSimulator = Debug|iPhoneSimulator
		Release|iPhoneSimulator = Release|iPhoneSimulator
		Debug|iPhone = Debug|iPhone
		Release|iPhone = Release|iPhone
		Ad-Hoc|iPhone = Ad-Hoc|iPhone
		AppStore|iPhone = AppStore|iPhone
	EndGlobalSection
	GlobalSection(ProjectConfigurationPlatforms) = postSolution
		{7BBD93B7-21C3-479F-B6A2-73052F575C2F}.Debug|Any CPU.ActiveCfg = Debug|Any CPU
		{7BBD93B7-21C3-479F-B6A2-73052F575C2F}.Debug|Any CPU.Build.0 = Debug|Any CPU
		{7BBD93B7-21C3-479F-B6A2-73052F575C2F}.Release|Any CPU.ActiveCfg = Release|Any CPU
		{7BBD93B7-21C3-479F-B6A2-73052F575C2F}.Release|Any CPU.Build.0 = Release|Any CPU
		{7BBD93B7-21C3-479F-B6A2-73052F575C2F}.Debug|iPhoneSimulator.ActiveCfg = Debug|Any CPU
		{7BBD93B7-21C3-479F-B6A2-73052F575C2F}.Debug|iPhoneSimulator.Build.0 = Debug|Any CPU
		{7BBD93B7-21C3-479F-B6A2-73052F575C2F}.Release|iPhoneSimulator.ActiveCfg = Release|Any CPU
		{7BBD93B7-21C3-479F-B6A2-73052F575C2F}.Release|iPhoneSimulator.Build.0 = Release|Any CPU
		{7BBD93B7-21C3-479F-B6A2-73052F575C2F}.Debug|iPhone.ActiveCfg = Debug|Any CPU
		{7BBD93B7-21C3-479F-B6A2-73052F575C2F}.Debug|iPhone.Build.0 = Debug|Any CPU
		{7BBD93B7-21C3-479F-B6A2-73052F575C2F}.Release|iPhone.ActiveCfg = Release|Any CPU
		{7BBD93B7-21C3-479F-B6A2-73052F575C2F}.Release|iPhone.Build.0 = Release|Any CPU
		{7BBD93B7-21C3-479F-B6A2-73052F575C2F}.Ad-Hoc|iPhone.ActiveCfg = Debug|Any CPU
		{7BBD93B7-21C3-479F-B6A2-73052F575C2F}.Ad-Hoc|iPhone.Build.0 = Debug|Any CPU
		{7BBD93B7-21C3-479F-B6A2-73052F575C2F}.AppStore|iPhone.ActiveCfg = Debug|Any CPU
		{7BBD93B7-21C3-479F-B6A2-73052F575C2F}.AppStore|iPhone.Build.0 = Debug|Any CPU
		{24011923-7755-42E2-B323-A11C4123A718}.Debug|Any CPU.ActiveCfg = Debug|iPhoneSimulator
		{24011923-7755-42E2-B323-A11C4123A718}.Debug|Any CPU.Build.0 = Debug|iPhoneSimulator
		{24011923-7755-42E2-B323-A11C4123A718}.Release|Any CPU.ActiveCfg = Release|iPhoneSimulator
		{24011923-7755-42E2-B323-A11C4123A718}.Release|Any CPU.Build.0 = Release|iPhoneSimulator
		{24011923-7755-42E2-B323-A11C4123A718}.Debug|iPhoneSimulator.ActiveCfg = Debug|iPhoneSimulator
		{24011923-7755-42E2-B323-A11C4123A718}.Debug|iPhoneSimulator.Build.0 = Debug|iPhoneSimulator
		{24011923-7755-42E2-B323-A11C4123A718}.Release|iPhoneSimulator.ActiveCfg = Release|iPhoneSimulator
		{24011923-7755-42E2-B323-A11C4123A718}.Release|iPhoneSimulator.Build.0 = Release|iPhoneSimulator
		{24011923-7755-42E2-B323-A11C4123A718}.Debug|iPhone.ActiveCfg = Debug|iPhone
		{24011923-7755-42E2-B323-A11C4123A718}.Debug|iPhone.Build.0 = Debug|iPhone
		{24011923-7755-42E2-B323-A11C4123A718}.Release|iPhone.ActiveCfg = Release|iPhone
		{24011923-7755-42E2-B323-A11C4123A718}.Release|iPhone.Build.0 = Release|iPhone
		{24011923-7755-42E2-B323-A11C4123A718}.Ad-Hoc|iPhone.ActiveCfg = Ad-Hoc|iPhone
		{24011923-7755-42E2-B323-A11C4123A718}.Ad-Hoc|iPhone.Build.0 = Ad-Hoc|iPhone
		{24011923-7755-42E2-B323-A11C4123A718}.AppStore|iPhone.ActiveCfg = AppStore|iPhone
		{24011923-7755-42E2-B323-A11C4123A718}.AppStore|iPhone.Build.0 = AppStore|iPhone
		{7DCCB9BD-4776-4D77-AFCC-95837026C299}.Debug|Any CPU.ActiveCfg = Debug|Any CPU
		{7DCCB9BD-4776-4D77-AFCC-95837026C299}.Debug|Any CPU.Build.0 = Debug|Any CPU
		{7DCCB9BD-4776-4D77-AFCC-95837026C299}.Release|Any CPU.ActiveCfg = Release|Any CPU
		{7DCCB9BD-4776-4D77-AFCC-95837026C299}.Release|Any CPU.Build.0 = Release|Any CPU
		{7DCCB9BD-4776-4D77-AFCC-95837026C299}.Debug|iPhoneSimulator.ActiveCfg = Debug|Any CPU
		{7DCCB9BD-4776-4D77-AFCC-95837026C299}.Debug|iPhoneSimulator.Build.0 = Debug|Any CPU
		{7DCCB9BD-4776-4D77-AFCC-95837026C299}.Release|iPhoneSimulator.ActiveCfg = Release|Any CPU
		{7DCCB9BD-4776-4D77-AFCC-95837026C299}.Release|iPhoneSimulator.Build.0 = Release|Any CPU
		{7DCCB9BD-4776-4D77-AFCC-95837026C299}.Debug|iPhone.ActiveCfg = Debug|Any CPU
		{7DCCB9BD-4776-4D77-AFCC-95837026C299}.Debug|iPhone.Build.0 = Debug|Any CPU
		{7DCCB9BD-4776-4D77-AFCC-95837026C299}.Release|iPhone.ActiveCfg = Release|Any CPU
		{7DCCB9BD-4776-4D77-AFCC-95837026C299}.Release|iPhone.Build.0 = Release|Any CPU
		{7DCCB9BD-4776-4D77-AFCC-95837026C299}.Ad-Hoc|iPhone.ActiveCfg = Debug|Any CPU
		{7DCCB9BD-4776-4D77-AFCC-95837026C299}.Ad-Hoc|iPhone.Build.0 = Debug|Any CPU
		{7DCCB9BD-4776-4D77-AFCC-95837026C299}.AppStore|iPhone.ActiveCfg = Debug|Any CPU
		{7DCCB9BD-4776-4D77-AFCC-95837026C299}.AppStore|iPhone.Build.0 = Debug|Any CPU
	EndGlobalSection
EndGlobal
